
Microsoft Visual Studio Solution File, Format Version 12.00
# Visual Studio Version 17
VisualStudioVersion = 17.10.34928.147
MinimumVisualStudioVersion = 10.0.40219.1
Project("{9A19103F-16F7-4668-BE54-9A1E7A4F7556}") = "Jlc3Ddownload", "Jlc3Ddownload\Jlc3Ddownload.csproj", "{85905DC4-6225-4756-9343-E04D30D2C6DD}"
EndProject
Global
	GlobalSection(SolutionConfigurationPlatforms) = preSolution
		Debug|Any CPU = Debug|Any CPU
		Debug|x64 = Debug|x64
		Release|Any CPU = Release|Any CPU
		Release|x64 = Release|x64
	EndGlobalSection
	GlobalSection(ProjectConfigurationPlatforms) = postSolution
		{85905DC4-6225-4756-9343-E04D30D2C6DD}.Debug|Any CPU.ActiveCfg = Debug|Any CPU
		{85905DC4-6225-4756-9343-E04D30D2C6DD}.Debug|Any CPU.Build.0 = Debug|Any CPU
		{85905DC4-6225-4756-9343-E04D30D2C6DD}.Debug|x64.ActiveCfg = Debug|x64
		{85905DC4-6225-4756-9343-E04D30D2C6DD}.Debug|x64.Build.0 = Debug|x64
		{85905DC4-6225-4756-9343-E04D30D2C6DD}.Release|Any CPU.ActiveCfg = Release|Any CPU
		{85905DC4-6225-4756-9343-E04D30D2C6DD}.Release|Any CPU.Build.0 = Release|Any CPU
		{85905DC4-6225-4756-9343-E04D30D2C6DD}.Release|x64.ActiveCfg = Release|x64
		{85905DC4-6225-4756-9343-E04D30D2C6DD}.Release|x64.Build.0 = Release|x64
	EndGlobalSection
	GlobalSection(SolutionProperties) = preSolution
		HideSolutionNode = FALSE
	EndGlobalSection
	GlobalSection(ExtensibilityGlobals) = postSolution
		SolutionGuid = {72766054-EE81-49A8-812A-9C5407E9FD8A}
	EndGlobalSection
EndGlobal
